
Microsoft Visual Studio Solution File, Format Version 12.00
# Visual Studio Version 17
Project("{2150E333-8FDC-42A3-9474-1A3956D46DE8}") = "CMakePredefinedTargets", "CMakePredefinedTargets", "{1AEB1F7F-2DCB-3B6B-BD04-9D104335AD43}"
EndProject
Project("{2150E333-8FDC-42A3-9474-1A3956D46DE8}") = "Project", "Project", "{53D00E65-3EC0-30A8-BAF4-05DF2F54AF99}"
EndProject
Project("{8BC9CEB8-8B4A-11D0-8D11-00A0C91BC942}") = "GameLauncher", "GameLauncher.vcxproj", "{B5A83663-8705-3C03-BEFB-A3433A2F03B5}"
	ProjectSection(ProjectDependencies) = postProject
		{513F2D74-CF42-3BDF-93A4-04CF0A8C7E7D} = {513F2D74-CF42-3BDF-93A4-04CF0A8C7E7D}
	EndProjectSection
EndProject
Project("{8BC9CEB8-8B4A-11D0-8D11-00A0C91BC942}") = "ALL_BUILD", "ALL_BUILD.vcxproj", "{363E8443-9214-3DB5-B839-8509C9992A8C}"
	ProjectSection(ProjectDependencies) = postProject
		{14EEB3F5-A41B-3AAC-A34A-87A6F1298BA8} = {14EEB3F5-A41B-3AAC-A34A-87A6F1298BA8}
		{C8F01B31-B686-35E3-9D35-785A49625A96} = {C8F01B31-B686-35E3-9D35-785A49625A96}
		{B5A83663-8705-3C03-BEFB-A3433A2F03B5} = {B5A83663-8705-3C03-BEFB-A3433A2F03B5}
		{F6EC080F-9D23-3402-9E83-E2DAC6329AF5} = {F6EC080F-9D23-3402-9E83-E2DAC6329AF5}
		{513F2D74-CF42-3BDF-93A4-04CF0A8C7E7D} = {513F2D74-CF42-3BDF-93A4-04CF0A8C7E7D}
	EndProjectSection
EndProject
Project("{8BC9CEB8-8B4A-11D0-8D11-00A0C91BC942}") = "Editor", "Editor.vcxproj", "{14EEB3F5-A41B-3AAC-A34A-87A6F1298BA8}"
	ProjectSection(ProjectDependencies) = postProject
		{513F2D74-CF42-3BDF-93A4-04CF0A8C7E7D} = {513F2D74-CF42-3BDF-93A4-04CF0A8C7E7D}
	EndProjectSection
EndProject
Project("{8BC9CEB8-8B4A-11D0-8D11-00A0C91BC942}") = "Game", "Game.vcxproj", "{C8F01B31-B686-35E3-9D35-785A49625A96}"
	ProjectSection(ProjectDependencies) = postProject
		{513F2D74-CF42-3BDF-93A4-04CF0A8C7E7D} = {513F2D74-CF42-3BDF-93A4-04CF0A8C7E7D}
	EndProjectSection
EndProject
Project("{8BC9CEB8-8B4A-11D0-8D11-00A0C91BC942}") = "GameServer", "GameServer.vcxproj", "{F6EC080F-9D23-3402-9E83-E2DAC6329AF5}"
	ProjectSection(ProjectDependencies) = postProject
		{513F2D74-CF42-3BDF-93A4-04CF0A8C7E7D} = {513F2D74-CF42-3BDF-93A4-04CF0A8C7E7D}
	EndProjectSection
EndProject
Project("{8BC9CEB8-8B4A-11D0-8D11-00A0C91BC942}") = "INSTALL", "INSTALL.vcxproj", "{920DE26F-1059-3FB4-8430-D66D1CF39C5D}"
	ProjectSection(ProjectDependencies) = postProject
		{363E8443-9214-3DB5-B839-8509C9992A8C} = {363E8443-9214-3DB5-B839-8509C9992A8C}
		{513F2D74-CF42-3BDF-93A4-04CF0A8C7E7D} = {513F2D74-CF42-3BDF-93A4-04CF0A8C7E7D}
	EndProjectSection
EndProject
Project("{8BC9CEB8-8B4A-11D0-8D11-00A0C91BC942}") = "ZERO_CHECK", "ZERO_CHECK.vcxproj", "{513F2D74-CF42-3BDF-93A4-04CF0A8C7E7D}"
	ProjectSection(ProjectDependencies) = postProject
	EndProjectSection
EndProject
Global
	GlobalSection(SolutionConfigurationPlatforms) = preSolution
		Debug|x64 = Debug|x64
		Profile|x64 = Profile|x64
		Release|x64 = Release|x64
	EndGlobalSection
	GlobalSection(ProjectConfigurationPlatforms) = postSolution
		{B5A83663-8705-3C03-BEFB-A3433A2F03B5}.Debug|x64.ActiveCfg = Debug|x64
		{B5A83663-8705-3C03-BEFB-A3433A2F03B5}.Debug|x64.Build.0 = Debug|x64
		{B5A83663-8705-3C03-BEFB-A3433A2F03B5}.Profile|x64.ActiveCfg = Profile|x64
		{B5A83663-8705-3C03-BEFB-A3433A2F03B5}.Profile|x64.Build.0 = Profile|x64
		{B5A83663-8705-3C03-BEFB-A3433A2F03B5}.Release|x64.ActiveCfg = Release|x64
		{B5A83663-8705-3C03-BEFB-A3433A2F03B5}.Release|x64.Build.0 = Release|x64
		{363E8443-9214-3DB5-B839-8509C9992A8C}.Debug|x64.ActiveCfg = Debug|x64
		{363E8443-9214-3DB5-B839-8509C9992A8C}.Debug|x64.Build.0 = Debug|x64
		{363E8443-9214-3DB5-B839-8509C9992A8C}.Profile|x64.ActiveCfg = Profile|x64
		{363E8443-9214-3DB5-B839-8509C9992A8C}.Profile|x64.Build.0 = Profile|x64
		{363E8443-9214-3DB5-B839-8509C9992A8C}.Release|x64.ActiveCfg = Release|x64
		{363E8443-9214-3DB5-B839-8509C9992A8C}.Release|x64.Build.0 = Release|x64
		{14EEB3F5-A41B-3AAC-A34A-87A6F1298BA8}.Debug|x64.ActiveCfg = Debug|x64
		{14EEB3F5-A41B-3AAC-A34A-87A6F1298BA8}.Debug|x64.Build.0 = Debug|x64
		{14EEB3F5-A41B-3AAC-A34A-87A6F1298BA8}.Profile|x64.ActiveCfg = Profile|x64
		{14EEB3F5-A41B-3AAC-A34A-87A6F1298BA8}.Profile|x64.Build.0 = Profile|x64
		{14EEB3F5-A41B-3AAC-A34A-87A6F1298BA8}.Release|x64.ActiveCfg = Release|x64
		{14EEB3F5-A41B-3AAC-A34A-87A6F1298BA8}.Release|x64.Build.0 = Release|x64
		{C8F01B31-B686-35E3-9D35-785A49625A96}.Debug|x64.ActiveCfg = Debug|x64
		{C8F01B31-B686-35E3-9D35-785A49625A96}.Debug|x64.Build.0 = Debug|x64
		{C8F01B31-B686-35E3-9D35-785A49625A96}.Profile|x64.ActiveCfg = Profile|x64
		{C8F01B31-B686-35E3-9D35-785A49625A96}.Profile|x64.Build.0 = Profile|x64
		{C8F01B31-B686-35E3-9D35-785A49625A96}.Release|x64.ActiveCfg = Release|x64
		{C8F01B31-B686-35E3-9D35-785A49625A96}.Release|x64.Build.0 = Release|x64
		{F6EC080F-9D23-3402-9E83-E2DAC6329AF5}.Debug|x64.ActiveCfg = Debug|x64
		{F6EC080F-9D23-3402-9E83-E2DAC6329AF5}.Debug|x64.Build.0 = Debug|x64
		{F6EC080F-9D23-3402-9E83-E2DAC6329AF5}.Profile|x64.ActiveCfg = Profile|x64
		{F6EC080F-9D23-3402-9E83-E2DAC6329AF5}.Profile|x64.Build.0 = Profile|x64
		{F6EC080F-9D23-3402-9E83-E2DAC6329AF5}.Release|x64.ActiveCfg = Release|x64
		{F6EC080F-9D23-3402-9E83-E2DAC6329AF5}.Release|x64.Build.0 = Release|x64
		{920DE26F-1059-3FB4-8430-D66D1CF39C5D}.Debug|x64.ActiveCfg = Debug|x64
		{920DE26F-1059-3FB4-8430-D66D1CF39C5D}.Profile|x64.ActiveCfg = Profile|x64
		{920DE26F-1059-3FB4-8430-D66D1CF39C5D}.Release|x64.ActiveCfg = Release|x64
		{513F2D74-CF42-3BDF-93A4-04CF0A8C7E7D}.Debug|x64.ActiveCfg = Debug|x64
		{513F2D74-CF42-3BDF-93A4-04CF0A8C7E7D}.Debug|x64.Build.0 = Debug|x64
		{513F2D74-CF42-3BDF-93A4-04CF0A8C7E7D}.Profile|x64.ActiveCfg = Profile|x64
		{513F2D74-CF42-3BDF-93A4-04CF0A8C7E7D}.Profile|x64.Build.0 = Profile|x64
		{513F2D74-CF42-3BDF-93A4-04CF0A8C7E7D}.Release|x64.ActiveCfg = Release|x64
		{513F2D74-CF42-3BDF-93A4-04CF0A8C7E7D}.Release|x64.Build.0 = Release|x64
	EndGlobalSection
	GlobalSection(NestedProjects) = preSolution
		{363E8443-9214-3DB5-B839-8509C9992A8C} = {1AEB1F7F-2DCB-3B6B-BD04-9D104335AD43}
		{920DE26F-1059-3FB4-8430-D66D1CF39C5D} = {1AEB1F7F-2DCB-3B6B-BD04-9D104335AD43}
		{513F2D74-CF42-3BDF-93A4-04CF0A8C7E7D} = {1AEB1F7F-2DCB-3B6B-BD04-9D104335AD43}
		{C8F01B31-B686-35E3-9D35-785A49625A96} = {53D00E65-3EC0-30A8-BAF4-05DF2F54AF99}
	EndGlobalSection
	GlobalSection(ExtensibilityGlobals) = postSolution
		SolutionGuid = {57661309-BDDD-382F-A713-F197324AFDAE}
	EndGlobalSection
	GlobalSection(ExtensibilityAddIns) = postSolution
	EndGlobalSection
EndGlobal
